// !$*UTF8*$!
{
	archiveVersion = 1;
	classes = {
	};
	objectVersion = 50;
	objects = {

/* Begin PBXBuildFile section */
		CB7DCE8524363DD900F7AE9E /* AppDelegate.swift in Sources */ = {isa = PBXBuildFile; fileRef = CB7DCE8424363DD900F7AE9E /* AppDelegate.swift */; };
		CB7DCE8724363DD900F7AE9E /* SceneDelegate.swift in Sources */ = {isa = PBXBuildFile; fileRef = CB7DCE8624363DD900F7AE9E /* SceneDelegate.swift */; };
		CB7DCE8924363DD900F7AE9E /* ViewController.swift in Sources */ = {isa = PBXBuildFile; fileRef = CB7DCE8824363DD900F7AE9E /* ViewController.swift */; };
		CB7DCE8C24363DD900F7AE9E /* Main.storyboard in Resources */ = {isa = PBXBuildFile; fileRef = CB7DCE8A24363DD900F7AE9E /* Main.storyboard */; };
		CB7DCE8E24363DDC00F7AE9E /* Assets.xcassets in Resources */ = {isa = PBXBuildFile; fileRef = CB7DCE8D24363DDC00F7AE9E /* Assets.xcassets */; };
		CB7DCE9124363DDC00F7AE9E /* LaunchScreen.storyboard in Resources */ = {isa = PBXBuildFile; fileRef = CB7DCE8F24363DDC00F7AE9E /* LaunchScreen.storyboard */; };
/* End PBXBuildFile section */

/* Begin PBXFileReference section */
		CB7DCE8124363DD900F7AE9E /* Jokenpo.app */ = {isa = PBXFileReference; explicitFileType = wrapper.application; includeInIndex = 0; path = Jokenpo.app; sourceTree = BUILT_PRODUCTS_DIR; };
		CB7DCE8424363DD900F7AE9E /* AppDelegate.swift */ = {isa = PBXFileReference; lastKnownFileType = sourcecode.swift; path = AppDelegate.swift; sourceTree = "<group>"; };
		CB7DCE8624363DD900F7AE9E /* SceneDelegate.swift */ = {isa = PBXFileReference; lastKnownFileType = sourcecode.swift; path = SceneDelegate.swift; sourceTree = "<group>"; };
		CB7DCE8824363DD900F7AE9E /* ViewController.swift */ = {isa = PBXFileReference; lastKnownFileType = sourcecode.swift; path = ViewController.swift; sourceTree = "<group>"; };
		CB7DCE8B24363DD900F7AE9E /* Base */ = {isa = PBXFileReference; lastKnownFileType = file.storyboard; name = Base; path = Base.lproj/Main.storyboard; sourceTree = "<group>"; };
		CB7DCE8D24363DDC00F7AE9E /* Assets.xcassets */ = {isa = PBXFileReference; lastKnownFileType = folder.assetcatalog; path = Assets.xcassets; sourceTree = "<group>"; };
		CB7DCE9024363DDC00F7AE9E /* Base */ = {isa = PBXFileReference; lastKnownFileType = file.storyboard; name = Base; path = Base.lproj/LaunchScreen.storyboard; sourceTree = "<group>"; };
		CB7DCE9224363DDC00F7AE9E /* Info.plist */ = {isa = PBXFileReference; lastKnownFileType = text.plist.xml; path = Info.plist; sourceTree = "<group>"; };
/* End PBXFileReference section */

/* Begin PBXFrameworksBuildPhase section */
		CB7DCE7E24363DD900F7AE9E /* Frameworks */ = {
			isa = PBXFrameworksBuildPhase;
			buildActionMask = 2147483647;
			files = (
			);
			runOnlyForDeploymentPostprocessing = 0;
		};
/* End PBXFrameworksBuildPhase section */

/* Begin PBXGroup section */
		CB7DCE7824363DD900F7AE9E = {
			isa = PBXGroup;
			children = (
				CB7DCE8324363DD900F7AE9E /* Jokenpo */,
				CB7DCE8224363DD900F7AE9E /* Products */,
			);
			sourceTree = "<group>";
		};
		CB7DCE8224363DD900F7AE9E /* Products */ = {
			isa = PBXGroup;
			children = (
				CB7DCE8124363DD900F7AE9E /* Jokenpo.app */,
			);
			name = Products;
			sourceTree = "<group>";
		};
		CB7DCE8324363DD900F7AE9E /* Jokenpo */ = {
			isa = PBXGroup;
			children = (
				CB7DCE8424363DD900F7AE9E /* AppDelegate.swift */,
				CB7DCE8624363DD900F7AE9E /* SceneDelegate.swift */,
				CB7DCE8824363DD900F7AE9E /* ViewController.swift */,
				CB7DCE8A24363DD900F7AE9E /* Main.storyboard */,
				CB7DCE8D24363DDC00F7AE9E /* Assets.xcassets */,
				CB7DCE8F24363DDC00F7AE9E /* LaunchScreen.storyboard */,
				CB7DCE9224363DDC00F7AE9E /* Info.plist */,
			);
			path = Jokenpo;
			sourceTree = "<group>";
		};
/* End PBXGroup section */

/* Begin PBXNativeTarget section */
		CB7DCE8024363DD900F7AE9E /* Jokenpo */ = {
			isa = PBXNativeTarget;
			buildConfigurationList = CB7DCE9524363DDC00F7AE9E /* Build configuration list for PBXNativeTarget "Jokenpo" */;
			buildPhases = (
				CB7DCE7D24363DD900F7AE9E /* Sources */,
				CB7DCE7E24363DD900F7AE9E /* Frameworks */,
				CB7DCE7F24363DD900F7AE9E /* Resources */,
			);
			buildRules = (
			);
			dependencies = (
			);
			name = Jokenpo;
			productName = Jokenpo;
			productReference = CB7DCE8124363DD900F7AE9E /* Jokenpo.app */;
			productType = "com.apple.product-type.application";
		};
/* End PBXNativeTarget section */

/* Begin PBXProject section */
		CB7DCE7924363DD900F7AE9E /* Project object */ = {
			isa = PBXProject;
			attributes = {
				LastSwiftUpdateCheck = 1140;
				LastUpgradeCheck = 1140;
				ORGANIZATIONNAME = "Ilana Concilio";
				TargetAttributes = {
					CB7DCE8024363DD900F7AE9E = {
						CreatedOnToolsVersion = 11.4;
					};
				};
			};
			buildConfigurationList = CB7DCE7C24363DD900F7AE9E /* Build configuration list for PBXProject "Jokenpo" */;
			compatibilityVersion = "Xcode 9.3";
			developmentRegion = en;
			hasScannedForEncodings = 0;
			knownRegions = (
				en,
				Base,
			);
			mainGroup = CB7DCE7824363DD900F7AE9E;
			productRefGroup = CB7DCE8224363DD900F7AE9E /* Products */;
			projectDirPath = "";
			projectRoot = "";
			targets = (
				CB7DCE8024363DD900F7AE9E /* Jokenpo */,
			);
		};
/* End PBXProject section */

/* Begin PBXResourcesBuildPhase section */
		CB7DCE7F24363DD900F7AE9E /* Resources */ = {
			isa = PBXResourcesBuildPhase;
			buildActionMask = 2147483647;
			files = (
				CB7DCE9124363DDC00F7AE9E /* LaunchScreen.storyboard in Resources */,
				CB7DCE8E24363DDC00F7AE9E /* Assets.xcassets in Resources */,
				CB7DCE8C24363DD900F7AE9E /* Main.storyboard in Resources */,
			);
			runOnlyForDeploymentPostprocessing = 0;
		};
/* End PBXResourcesBuildPhase section */

/* Begin PBXSourcesBuildPhase section */
		CB7DCE7D24363DD900F7AE9E /* Sources */ = {
			isa = PBXSourcesBuildPhase;
			buildActionMask = 2147483647;
			files = (
				CB7DCE8924363DD900F7AE9E /* ViewController.swift in Sources */,
				CB7DCE8524363DD900F7AE9E /* AppDelegate.swift in Sources */,
				CB7DCE8724363DD900F7AE9E /* SceneDelegate.swift in Sources */,
			);
			runOnlyForDeploymentPostprocessing = 0;
		};
/* End PBXSourcesBuildPhase section */

/* Begin PBXVariantGroup section */
		CB7DCE8A24363DD900F7AE9E /* Main.storyboard */ = {
			isa = PBXVariantGroup;
			children = (
				CB7DCE8B24363DD900F7AE9E /* Base */,
			);
			name = Main.storyboard;
			sourceTree = "<group>";
		};
		CB7DCE8F24363DDC00F7AE9E /* LaunchScreen.storyboard */ = {
			isa = PBXVariantGroup;
			children = (
				CB7DCE9024363DDC00F7AE9E /* Base */,
			);
			name = LaunchScreen.storyboard;
			sourceTree = "<group>";
		};
/* End PBXVariantGroup section */

/* Begin XCBuildConfiguration section */
		CB7DCE9324363DDC00F7AE9E /* Debug */ = {
			isa = XCBuildConfiguration;
			buildSettings = {
				ALWAYS_SEARCH_USER_PATHS = NO;
				CLANG_ANALYZER_NONNULL = YES;
				CLANG_ANALYZER_NUMBER_OBJECT_CONVERSION = YES_AGGRESSIVE;
				CLANG_CXX_LANGUAGE_STANDARD = "gnu++14";
				CLANG_CXX_LIBRARY = "libc++";
				CLANG_ENABLE_MODULES = YES;
				CLANG_ENABLE_OBJC_ARC = YES;
				CLANG_ENABLE_OBJC_WEAK = YES;
				CLANG_WARN_BLOCK_CAPTURE_AUTORELEASING = YES;
				CLANG_WARN_BOOL_CONVERSION = YES;
				CLANG_WARN_COMMA = YES;
				CLANG_WARN_CONSTANT_CONVERSION = YES;
				CLANG_WARN_DEPRECATED_OBJC_IMPLEMENTATIONS = YES;
				CLANG_WARN_DIRECT_OBJC_ISA_USAGE = YES_ERROR;
				CLANG_WARN_DOCUMENTATION_COMMENTS = YES;
				CLANG_WARN_EMPTY_BODY = YES;
				CLANG_WARN_ENUM_CONVERSION = YES;
				CLANG_WARN_INFINITE_RECURSION = YES;
				CLANG_WARN_INT_CONVERSION = YES;
				CLANG_WARN_NON_LITERAL_NULL_CONVERSION = YES;
				CLANG_WARN_OBJC_IMPLICIT_RETAIN_SELF = YES;
				CLANG_WARN_OBJC_LITERAL_CONVERSION = YES;
				CLANG_WARN_OBJC_ROOT_CLASS = YES_ERROR;
				CLANG_WARN_RANGE_LOOP_ANALYSIS = YES;
				CLANG_WARN_STRICT_PROTOTYPES = YES;
				CLANG_WARN_SUSPICIOUS_MOVE = YES;
				CLANG_WARN_UNGUARDED_AVAILABILITY = YES_AGGRESSIVE;
				CLANG_WARN_UNREACHABLE_CODE = YES;
				CLANG_WARN__DUPLICATE_METHOD_MATCH = YES;
				COPY_PHASE_STRIP = NO;
				DEBUG_INFORMATION_FORMAT = dwarf;
				ENABLE_STRICT_OBJC_MSGSEND = YES;
				ENABLE_TESTABILITY = YES;
				GCC_C_LANGUAGE_STANDARD = gnu11;
				GCC_DYNAMIC_NO_PIC = NO;
				GCC_NO_COMMON_BLOCKS = YES;
				GCC_OPTIMIZATION_LEVEL = 0;
				GCC_PREPROCESSOR_DEFINITIONS = (
					"DEBUG=1",
					"$(inherited)",
				);
				GCC_WARN_64_TO_32_BIT_CONVERSION = YES;
				GCC_WARN_ABOUT_RETURN_TYPE = YES_ERROR;
				GCC_WARN_UNDECLARED_SELECTOR = YES;
				GCC_WARN_UNINITIALIZED_AUTOS = YES_AGGRESSIVE;
				GCC_WARN_UNUSED_FUNCTION = YES;
				GCC_WARN_UNUSED_VARIABLE = YES;
				IPHONEOS_DEPLOYMENT_TARGET = 13.4;
				MTL_ENABLE_DEBUG_INFO = INCLUDE_SOURCE;
				MTL_FAST_MATH = YES;
				ONLY_ACTIVE_ARCH = YES;
				SDKROOT = iphoneos;
				SWIFT_ACTIVE_COMPILATION_CONDITIONS = DEBUG;
				SWIFT_OPTIMIZATION_LEVEL = "-Onone";
			};
			name = Debug;
		};
		CB7DCE9424363DDC00F7AE9E /* Release */ = {
			isa = XCBuildConfiguration;
			buildSettings = {
				ALWAYS_SEARCH_USER_PATHS = NO;
				CLANG_ANALYZER_NONNULL = YES;
				CLANG_ANALYZER_NUMBER_OBJECT_CONVERSION = YES_AGGRESSIVE;
				CLANG_CXX_LANGUAGE_STANDARD = "gnu++14";
				CLANG_CXX_LIBRARY = "libc++";
				CLANG_ENABLE_MODULES = YES;
				CLANG_ENABLE_OBJC_ARC = YES;
				CLANG_ENABLE_OBJC_WEAK = YES;
				CLANG_WARN_BLOCK_CAPTURE_AUTORELEASING = YES;
				CLANG_WARN_BOOL_CONVERSION = YES;
				CLANG_WARN_COMMA = YES;
				CLANG_WARN_CONSTANT_CONVERSION = YES;
				CLANG_WARN_DEPRECATED_OBJC_IMPLEMENTATIONS = YES;
				CLANG_WARN_DIRECT_OBJC_ISA_USAGE = YES_ERROR;
				CLANG_WARN_DOCUMENTATION_COMMENTS = YES;
				CLANG_WARN_EMPTY_BODY = YES;
				CLANG_WARN_ENUM_CONVERSION = YES;
				CLANG_WARN_INFINITE_RECURSION = YES;
				CLANG_WARN_INT_CONVERSION = YES;
				CLANG_WARN_NON_LITERAL_NULL_CONVERSION = YES;
				CLANG_WARN_OBJC_IMPLICIT_RETAIN_SELF = YES;
				CLANG_WARN_OBJC_LITERAL_CONVERSION = YES;
				CLANG_WARN_OBJC_ROOT_CLASS = YES_ERROR;
				CLANG_WARN_RANGE_LOOP_ANALYSIS = YES;
				CLANG_WARN_STRICT_PROTOTYPES = YES;
				CLANG_WARN_SUSPICIOUS_MOVE = YES;
				CLANG_WARN_UNGUARDED_AVAILABILITY = YES_AGGRESSIVE;
				CLANG_WARN_UNREACHABLE_CODE = YES;
				CLANG_WARN__DUPLICATE_METHOD_MATCH = YES;
				COPY_PHASE_STRIP = NO;
				DEBUG_INFORMATION_FORMAT = "dwarf-with-dsym";
				ENABLE_NS_ASSERTIONS = NO;
				ENABLE_STRICT_OBJC_MSGSEND = YES;
				GCC_C_LANGUAGE_STANDARD = gnu11;
				GCC_NO_COMMON_BLOCKS = YES;
				GCC_WARN_64_TO_32_BIT_CONVERSION = YES;
				GCC_WARN_ABOUT_RETURN_TYPE = YES_ERROR;
				GCC_WARN_UNDECLARED_SELECTOR = YES;
				GCC_WARN_UNINITIALIZED_AUTOS = YES_AGGRESSIVE;
				GCC_WARN_UNUSED_FUNCTION = YES;
				GCC_WARN_UNUSED_VARIABLE = YES;
				IPHONEOS_DEPLOYMENT_TARGET = 13.4;
				MTL_ENABLE_DEBUG_INFO = NO;
				MTL_FAST_MATH = YES;
				SDKROOT = iphoneos;
				SWIFT_COMPILATION_MODE = wholemodule;
				SWIFT_OPTIMIZATION_LEVEL = "-O";
				VALIDATE_PRODUCT = YES;
			};
			name = Release;
		};
		CB7DCE9624363DDC00F7AE9E /* Debug */ = {
			isa = XCBuildConfiguration;
			buildSettings = {
				ASSETCATALOG_COMPILER_APPICON_NAME = AppIcon;
				CODE_SIGN_STYLE = Automatic;
				DEVELOPMENT_TEAM = C24ZB394W2;
				INFOPLIST_FILE = Jokenpo/Info.plist;
				LD_RUNPATH_SEARCH_PATHS = (
					"$(inherited)",
					"@executable_path/Frameworks",
				);
				PRODUCT_BUNDLE_IDENTIFIER = idea9.Jokenpo;
				PRODUCT_NAME = "$(TARGET_NAME)";
				SWIFT_VERSION = 5.0;
				TARGETED_DEVICE_FAMILY = "1,2";
			};
			name = Debug;
		};
		CB7DCE9724363DDC00F7AE9E /* Release */ = {
			isa = XCBuildConfiguration;
			buildSettings = {
				ASSETCATALOG_COMPILER_APPICON_NAME = AppIcon;
				CODE_SIGN_STYLE = Automatic;
				DEVELOPMENT_TEAM = C24ZB394W2;
				INFOPLIST_FILE = Jokenpo/Info.plist;
				LD_RUNPATH_SEARCH_PATHS = (
					"$(inherited)",
					"@executable_path/Frameworks",
				);
				PRODUCT_BUNDLE_IDENTIFIER = idea9.Jokenpo;
				PRODUCT_NAME = "$(TARGET_NAME)";
				SWIFT_VERSION = 5.0;
				TARGETED_DEVICE_FAMILY = "1,2";
			};
			name = Release;
		};
/* End XCBuildConfiguration section */

/* Begin XCConfigurationList section */
		CB7DCE7C24363DD900F7AE9E /* Build configuration list for PBXProject "Jokenpo" */ = {
			isa = XCConfigurationList;
			buildConfigurations = (
				CB7DCE9324363DDC00F7AE9E /* Debug */,
				CB7DCE9424363DDC00F7AE9E /* Release */,
			);
			defaultConfigurationIsVisible = 0;
			defaultConfigurationName = Release;
		};
		CB7DCE9524363DDC00F7AE9E /* Build configuration list for PBXNativeTarget "Jokenpo" */ = {
			isa = XCConfigurationList;
			buildConfigurations = (
				CB7DCE9624363DDC00F7AE9E /* Debug */,
				CB7DCE9724363DDC00F7AE9E /* Release */,
			);
			defaultConfigurationIsVisible = 0;
			defaultConfigurationName = Release;
		};
/* End XCConfigurationList section */
	};
	rootObject = CB7DCE7924363DD900F7AE9E /* Project object */;
}
